{
  "name": "answerjs",
  "version": "1.0.0",
  "lockfileVersion": 3,
  "requires": true,
  "packages": {
    "": {
      "name": "answerjs",
      "version": "1.0.0",
      "license": "MIT",
      "dependencies": {
        "@lambtron/is-42": "^0.0.7",
        "forty-two": "^1.0.1",
        "is-answer-to-the-ultimate-question-of-life-the-universe-and-everything": "^42.0.1",
        "is-the-answer": "^0.0.1",
        "is42": "^0.0.4",
        "meaning-of-life": "^1.0.0",
        "the-answer": "^1.0.0",
        "the-answer-to-everything": "^1.0.42",
        "the-answer-to-the-ultimate-question-of-life-the-universe-and-everything": "^1.0.0"
      }
    },
    "node_modules/@lambtron/is-42": {
      "version": "0.0.7",
      "resolved": "https://registry.npmjs.org/@lambtron/is-42/-/is-42-0.0.7.tgz",
      "integrity": "sha512-0cJkPWMfRB7SljtYtGfwuu6sWTE5671PO1Hlic7dh5YuotrzGwkaq7AqPyKfbGu+kSzpagnuGYvWXzHKQf7QYA==",
      "license": "MIT"
    },
    "node_modules/forty-two": {
      "version": "1.0.1",
      "resolved": "https://registry.npmjs.org/forty-two/-/forty-two-1.0.1.tgz",
      "integrity": "sha512-Xf6vvZXHZnwJwE66r/zyIeftRecOaph71o8bC6LujxQrC8XlH0ONs8NJTv2jtTVPWRnzQedC7nNK7EGnYdvGrA==",
      "license": "MIT"
    },
    "node_modules/is-answer-to-the-ultimate-question-of-life-the-universe-and-everything": {
      "version": "42.0.1",
      "resolved": "https://registry.npmjs.org/is-answer-to-the-ultimate-question-of-life-the-universe-and-everything/-/is-answer-to-the-ultimate-question-of-life-the-universe-and-everything-42.0.1.tgz",
      "integrity": "sha512-TuI92lUoFhb7rjGvsfLolP1efjbv4jQrcZmj61QRCRhraXFaAmAApYG3Bkk+dsLrqbwOP1c6MzzYy5YTXX3JFw==",
      "license": "MIT",
      "bin": {
        "is-answer-to-the-ultimate-question-of-life-the-universe-and-everything": "cli.js"
      }
    },
    "node_modules/is-the-answer": {
      "version": "0.0.1",
      "resolved": "https://registry.npmjs.org/is-the-answer/-/is-the-answer-0.0.1.tgz",
      "integrity": "sha512-BltXhhB0geULi8B/iw4um93jDbYklqA7PCT7InnJsT1Z/yg7WuSPBKriCRTSGluCF9095UjOg1G4vIb3rpj++w==",
      "license": "MIT"
    },
    "node_modules/is42": {
      "version": "0.0.4",
      "resolved": "https://registry.npmjs.org/is42/-/is42-0.0.4.tgz",
      "integrity": "sha512-Yn51Aqd+ePmfDZUNrmvSPf4qYG8pXD/4e/iDx3vZVzrNab6e96N8hToHoyr+weOx7SRajB5NpuyrIWvhvgzuzw==",
      "license": "ISC"
    },
    "node_modules/meaning-of-life": {
      "version": "1.0.0",
      "resolved": "https://registry.npmjs.org/meaning-of-life/-/meaning-of-life-1.0.0.tgz",
      "integrity": "sha512-fVA4xSydqtK9owabGcYw1r4EKEsMOVVeYQLeCXPu77Z+8Y2j2B2I16UqZlKIOHnYkJ4RSvpJ00ywy9IWjmuxYw==",
      "license": "ISC"
    },
    "node_modules/the-answer": {
      "version": "1.0.0",
      "resolved": "https://registry.npmjs.org/the-answer/-/the-answer-1.0.0.tgz",
      "integrity": "sha512-HvrHEdALM7Z3o/0Gj/y8M4lVaOkNuIuuYB1HKIxyB0vu0BhoqgVi4P5oik3dhDj8xe0xwf9qGej/qCQUrACDHA==",
      "license": "MIT"
    },
    "node_modules/the-answer-to-everything": {
      "version": "1.0.42",
      "resolved": "https://registry.npmjs.org/the-answer-to-everything/-/the-answer-to-everything-1.0.42.tgz",
      "integrity": "sha512-lYipDR6nslB8404kw6uoAov8opOR2TU1Ycdbl9+b43PTlqunBWOVg0GQTbGgM4fzGTsjWIgeXQkFtEuiQppvFQ==",
      "license": "Beerware"
    },
    "node_modules/the-answer-to-the-ultimate-question-of-life-the-universe-and-everything": {
      "version": "1.0.0",
      "resolved": "https://registry.npmjs.org/the-answer-to-the-ultimate-question-of-life-the-universe-and-everything/-/the-answer-to-the-ultimate-question-of-life-the-universe-and-everything-1.0.0.tgz",
      "integrity": "sha512-PVC+kyiuWcasCmyrpn/OYO3nC/Nj5XnEiUyw8aRaFquW/N/fMSkrRwb2JtO8Ir7n9SEqxtNz2wD2ERLmSUcVBg==",
      "license": "MIT"
    }
  }
}
